// !$*UTF8*$!
{
	archiveVersion = 1;
	classes = {
	};
	objectVersion = 56;
	objects = {

/* Begin PBXBuildFile section */
		F8173F412B227DFD0097CC30 /* ProfileDescription.swift in Sources */ = {isa = PBXBuildFile; fileRef = F8173F402B227DFD0097CC30 /* ProfileDescription.swift */; };
		F8173F432B228A900097CC30 /* ProfileNavigation.swift in Sources */ = {isa = PBXBuildFile; fileRef = F8173F422B228A900097CC30 /* ProfileNavigation.swift */; };
		F8173F452B228BE00097CC30 /* ProjectDetailView.swift in Sources */ = {isa = PBXBuildFile; fileRef = F8173F442B228BE00097CC30 /* ProjectDetailView.swift */; };
		F8173F472B2292D60097CC30 /* MySocialMedia.swift in Sources */ = {isa = PBXBuildFile; fileRef = F8173F462B2292D60097CC30 /* MySocialMedia.swift */; };
		F8BFE3012B1FE0E500E9A169 /* WorkshopApp.swift in Sources */ = {isa = PBXBuildFile; fileRef = F8BFE3002B1FE0E500E9A169 /* WorkshopApp.swift */; };
		F8BFE3032B1FE0E500E9A169 /* ContentView.swift in Sources */ = {isa = PBXBuildFile; fileRef = F8BFE3022B1FE0E500E9A169 /* ContentView.swift */; };
		F8BFE3052B1FE0E700E9A169 /* Assets.xcassets in Resources */ = {isa = PBXBuildFile; fileRef = F8BFE3042B1FE0E700E9A169 /* Assets.xcassets */; };
		F8BFE3082B1FE0E700E9A169 /* Preview Assets.xcassets in Resources */ = {isa = PBXBuildFile; fileRef = F8BFE3072B1FE0E700E9A169 /* Preview Assets.xcassets */; };
		F8BFE3122B1FE0E700E9A169 /* WorkshopTests.swift in Sources */ = {isa = PBXBuildFile; fileRef = F8BFE3112B1FE0E700E9A169 /* WorkshopTests.swift */; };
		F8BFE31C2B1FE0E700E9A169 /* WorkshopUITests.swift in Sources */ = {isa = PBXBuildFile; fileRef = F8BFE31B2B1FE0E700E9A169 /* WorkshopUITests.swift */; };
		F8BFE31E2B1FE0E700E9A169 /* WorkshopUITestsLaunchTests.swift in Sources */ = {isa = PBXBuildFile; fileRef = F8BFE31D2B1FE0E700E9A169 /* WorkshopUITestsLaunchTests.swift */; };
		F8BFE32D2B1FEB1F00E9A169 /* UIelements.swift in Sources */ = {isa = PBXBuildFile; fileRef = F8BFE32C2B1FEB1F00E9A169 /* UIelements.swift */; };
		F8D39B072B212EA300B5B95B /* Person.swift in Sources */ = {isa = PBXBuildFile; fileRef = F8D39B062B212EA300B5B95B /* Person.swift */; };
		F8D39B092B212FBC00B5B95B /* Project.swift in Sources */ = {isa = PBXBuildFile; fileRef = F8D39B082B212FBC00B5B95B /* Project.swift */; };
		F8D39B0B2B21303800B5B95B /* SocialMedia.swift in Sources */ = {isa = PBXBuildFile; fileRef = F8D39B0A2B21303800B5B95B /* SocialMedia.swift */; };
		F8D39B0D2B21392800B5B95B /* PersonProfilePicture.swift in Sources */ = {isa = PBXBuildFile; fileRef = F8D39B0C2B21392800B5B95B /* PersonProfilePicture.swift */; };
		F8EA438D2B23D33000631D9C /* PhotosCarousel.swift in Sources */ = {isa = PBXBuildFile; fileRef = F8EA438C2B23D33000631D9C /* PhotosCarousel.swift */; };
		F8EA438F2B23DEBA00631D9C /* ProjectsList.swift in Sources */ = {isa = PBXBuildFile; fileRef = F8EA438E2B23DEBA00631D9C /* ProjectsList.swift */; };
		F8EA43912B23E9A300631D9C /* StringCleaning.swift in Sources */ = {isa = PBXBuildFile; fileRef = F8EA43902B23E9A300631D9C /* StringCleaning.swift */; };
/* End PBXBuildFile section */

/* Begin PBXContainerItemProxy section */
		F8BFE30E2B1FE0E700E9A169 /* PBXContainerItemProxy */ = {
			isa = PBXContainerItemProxy;
			containerPortal = F8BFE2F52B1FE0E400E9A169 /* Project object */;
			proxyType = 1;
			remoteGlobalIDString = F8BFE2FC2B1FE0E500E9A169;
			remoteInfo = Workshop;
		};
		F8BFE3182B1FE0E700E9A169 /* PBXContainerItemProxy */ = {
			isa = PBXContainerItemProxy;
			containerPortal = F8BFE2F52B1FE0E400E9A169 /* Project object */;
			proxyType = 1;
			remoteGlobalIDString = F8BFE2FC2B1FE0E500E9A169;
			remoteInfo = Workshop;
		};
/* End PBXContainerItemProxy section */

/* Begin PBXFileReference section */
		F8173F402B227DFD0097CC30 /* ProfileDescription.swift */ = {isa = PBXFileReference; lastKnownFileType = sourcecode.swift; path = ProfileDescription.swift; sourceTree = "<group>"; };
		F8173F422B228A900097CC30 /* ProfileNavigation.swift */ = {isa = PBXFileReference; lastKnownFileType = sourcecode.swift; path = ProfileNavigation.swift; sourceTree = "<group>"; };
		F8173F442B228BE00097CC30 /* ProjectDetailView.swift */ = {isa = PBXFileReference; lastKnownFileType = sourcecode.swift; path = ProjectDetailView.swift; sourceTree = "<group>"; };
		F8173F462B2292D60097CC30 /* MySocialMedia.swift */ = {isa = PBXFileReference; lastKnownFileType = sourcecode.swift; path = MySocialMedia.swift; sourceTree = "<group>"; };
		F8BFE2FD2B1FE0E500E9A169 /* Workshop.app */ = {isa = PBXFileReference; explicitFileType = wrapper.application; includeInIndex = 0; path = Workshop.app; sourceTree = BUILT_PRODUCTS_DIR; };
		F8BFE3002B1FE0E500E9A169 /* WorkshopApp.swift */ = {isa = PBXFileReference; lastKnownFileType = sourcecode.swift; path = WorkshopApp.swift; sourceTree = "<group>"; };
		F8BFE3022B1FE0E500E9A169 /* ContentView.swift */ = {isa = PBXFileReference; lastKnownFileType = sourcecode.swift; path = ContentView.swift; sourceTree = "<group>"; };
		F8BFE3042B1FE0E700E9A169 /* Assets.xcassets */ = {isa = PBXFileReference; lastKnownFileType = folder.assetcatalog; path = Assets.xcassets; sourceTree = "<group>"; };
		F8BFE3072B1FE0E700E9A169 /* Preview Assets.xcassets */ = {isa = PBXFileReference; lastKnownFileType = folder.assetcatalog; path = "Preview Assets.xcassets"; sourceTree = "<group>"; };
		F8BFE30D2B1FE0E700E9A169 /* WorkshopTests.xctest */ = {isa = PBXFileReference; explicitFileType = wrapper.cfbundle; includeInIndex = 0; path = WorkshopTests.xctest; sourceTree = BUILT_PRODUCTS_DIR; };
		F8BFE3112B1FE0E700E9A169 /* WorkshopTests.swift */ = {isa = PBXFileReference; lastKnownFileType = sourcecode.swift; path = WorkshopTests.swift; sourceTree = "<group>"; };
		F8BFE3172B1FE0E700E9A169 /* WorkshopUITests.xctest */ = {isa = PBXFileReference; explicitFileType = wrapper.cfbundle; includeInIndex = 0; path = WorkshopUITests.xctest; sourceTree = BUILT_PRODUCTS_DIR; };
		F8BFE31B2B1FE0E700E9A169 /* WorkshopUITests.swift */ = {isa = PBXFileReference; lastKnownFileType = sourcecode.swift; path = WorkshopUITests.swift; sourceTree = "<group>"; };
		F8BFE31D2B1FE0E700E9A169 /* WorkshopUITestsLaunchTests.swift */ = {isa = PBXFileReference; lastKnownFileType = sourcecode.swift; path = WorkshopUITestsLaunchTests.swift; sourceTree = "<group>"; };
		F8BFE32C2B1FEB1F00E9A169 /* UIelements.swift */ = {isa = PBXFileReference; lastKnownFileType = sourcecode.swift; path = UIelements.swift; sourceTree = "<group>"; };
		F8D39B062B212EA300B5B95B /* Person.swift */ = {isa = PBXFileReference; lastKnownFileType = sourcecode.swift; path = Person.swift; sourceTree = "<group>"; };
		F8D39B082B212FBC00B5B95B /* Project.swift */ = {isa = PBXFileReference; lastKnownFileType = sourcecode.swift; path = Project.swift; sourceTree = "<group>"; };
		F8D39B0A2B21303800B5B95B /* SocialMedia.swift */ = {isa = PBXFileReference; lastKnownFileType = sourcecode.swift; path = SocialMedia.swift; sourceTree = "<group>"; };
		F8D39B0C2B21392800B5B95B /* PersonProfilePicture.swift */ = {isa = PBXFileReference; lastKnownFileType = sourcecode.swift; path = PersonProfilePicture.swift; sourceTree = "<group>"; };
		F8EA438C2B23D33000631D9C /* PhotosCarousel.swift */ = {isa = PBXFileReference; lastKnownFileType = sourcecode.swift; path = PhotosCarousel.swift; sourceTree = "<group>"; };
		F8EA438E2B23DEBA00631D9C /* ProjectsList.swift */ = {isa = PBXFileReference; lastKnownFileType = sourcecode.swift; path = ProjectsList.swift; sourceTree = "<group>"; };
		F8EA43902B23E9A300631D9C /* StringCleaning.swift */ = {isa = PBXFileReference; lastKnownFileType = sourcecode.swift; path = StringCleaning.swift; sourceTree = "<group>"; };
/* End PBXFileReference section */

/* Begin PBXFrameworksBuildPhase section */
		F8BFE2FA2B1FE0E500E9A169 /* Frameworks */ = {
			isa = PBXFrameworksBuildPhase;
			buildActionMask = 2147483647;
			files = (
			);
			runOnlyForDeploymentPostprocessing = 0;
		};
		F8BFE30A2B1FE0E700E9A169 /* Frameworks */ = {
			isa = PBXFrameworksBuildPhase;
			buildActionMask = 2147483647;
			files = (
			);
			runOnlyForDeploymentPostprocessing = 0;
		};
		F8BFE3142B1FE0E700E9A169 /* Frameworks */ = {
			isa = PBXFrameworksBuildPhase;
			buildActionMask = 2147483647;
			files = (
			);
			runOnlyForDeploymentPostprocessing = 0;
		};
/* End PBXFrameworksBuildPhase section */

/* Begin PBXGroup section */
		F8BFE2F42B1FE0E400E9A169 = {
			isa = PBXGroup;
			children = (
				F8BFE2FF2B1FE0E500E9A169 /* Workshop */,
				F8BFE3102B1FE0E700E9A169 /* WorkshopTests */,
				F8BFE31A2B1FE0E700E9A169 /* WorkshopUITests */,
				F8BFE2FE2B1FE0E500E9A169 /* Products */,
			);
			sourceTree = "<group>";
		};
		F8BFE2FE2B1FE0E500E9A169 /* Products */ = {
			isa = PBXGroup;
			children = (
				F8BFE2FD2B1FE0E500E9A169 /* Workshop.app */,
				F8BFE30D2B1FE0E700E9A169 /* WorkshopTests.xctest */,
				F8BFE3172B1FE0E700E9A169 /* WorkshopUITests.xctest */,
			);
			name = Products;
			sourceTree = "<group>";
		};
		F8BFE2FF2B1FE0E500E9A169 /* Workshop */ = {
			isa = PBXGroup;
			children = (
				F8BFE3002B1FE0E500E9A169 /* WorkshopApp.swift */,
				F8BFE3022B1FE0E500E9A169 /* ContentView.swift */,
				F8BFE32B2B1FEA5100E9A169 /* Model */,
				F8BFE32A2B1FEA0500E9A169 /* Views */,
				F8BFE3042B1FE0E700E9A169 /* Assets.xcassets */,
				F8BFE3062B1FE0E700E9A169 /* Preview Content */,
			);
			path = Workshop;
			sourceTree = "<group>";
		};
		F8BFE3062B1FE0E700E9A169 /* Preview Content */ = {
			isa = PBXGroup;
			children = (
				F8BFE3072B1FE0E700E9A169 /* Preview Assets.xcassets */,
			);
			path = "Preview Content";
			sourceTree = "<group>";
		};
		F8BFE3102B1FE0E700E9A169 /* WorkshopTests */ = {
			isa = PBXGroup;
			children = (
				F8BFE3112B1FE0E700E9A169 /* WorkshopTests.swift */,
			);
			path = WorkshopTests;
			sourceTree = "<group>";
		};
		F8BFE31A2B1FE0E700E9A169 /* WorkshopUITests */ = {
			isa = PBXGroup;
			children = (
				F8BFE31B2B1FE0E700E9A169 /* WorkshopUITests.swift */,
				F8BFE31D2B1FE0E700E9A169 /* WorkshopUITestsLaunchTests.swift */,
			);
			path = WorkshopUITests;
			sourceTree = "<group>";
		};
		F8BFE32A2B1FEA0500E9A169 /* Views */ = {
			isa = PBXGroup;
			children = (
				F8BFE32C2B1FEB1F00E9A169 /* UIelements.swift */,
				F8173F442B228BE00097CC30 /* ProjectDetailView.swift */,
				F8D39B0C2B21392800B5B95B /* PersonProfilePicture.swift */,
				F8173F402B227DFD0097CC30 /* ProfileDescription.swift */,
				F8173F422B228A900097CC30 /* ProfileNavigation.swift */,
				F8173F462B2292D60097CC30 /* MySocialMedia.swift */,
				F8EA438C2B23D33000631D9C /* PhotosCarousel.swift */,
				F8EA438E2B23DEBA00631D9C /* ProjectsList.swift */,
			);
			path = Views;
			sourceTree = "<group>";
		};
		F8BFE32B2B1FEA5100E9A169 /* Model */ = {
			isa = PBXGroup;
			children = (
				F8D39B062B212EA300B5B95B /* Person.swift */,
				F8D39B0A2B21303800B5B95B /* SocialMedia.swift */,
				F8D39B082B212FBC00B5B95B /* Project.swift */,
				F8EA43902B23E9A300631D9C /* StringCleaning.swift */,
			);
			path = Model;
			sourceTree = "<group>";
		};
/* End PBXGroup section */

/* Begin PBXNativeTarget section */
		F8BFE2FC2B1FE0E500E9A169 /* Workshop */ = {
			isa = PBXNativeTarget;
			buildConfigurationList = F8BFE3212B1FE0E700E9A169 /* Build configuration list for PBXNativeTarget "Workshop" */;
			buildPhases = (
				F8BFE2F92B1FE0E500E9A169 /* Sources */,
				F8BFE2FA2B1FE0E500E9A169 /* Frameworks */,
				F8BFE2FB2B1FE0E500E9A169 /* Resources */,
			);
			buildRules = (
			);
			dependencies = (
			);
			name = Workshop;
			productName = Workshop;
			productReference = F8BFE2FD2B1FE0E500E9A169 /* Workshop.app */;
			productType = "com.apple.product-type.application";
		};
		F8BFE30C2B1FE0E700E9A169 /* WorkshopTests */ = {
			isa = PBXNativeTarget;
			buildConfigurationList = F8BFE3242B1FE0E700E9A169 /* Build configuration list for PBXNativeTarget "WorkshopTests" */;
			buildPhases = (
				F8BFE3092B1FE0E700E9A169 /* Sources */,
				F8BFE30A2B1FE0E700E9A169 /* Frameworks */,
				F8BFE30B2B1FE0E700E9A169 /* Resources */,
			);
			buildRules = (
			);
			dependencies = (
				F8BFE30F2B1FE0E700E9A169 /* PBXTargetDependency */,
			);
			name = WorkshopTests;
			productName = WorkshopTests;
			productReference = F8BFE30D2B1FE0E700E9A169 /* WorkshopTests.xctest */;
			productType = "com.apple.product-type.bundle.unit-test";
		};
		F8BFE3162B1FE0E700E9A169 /* WorkshopUITests */ = {
			isa = PBXNativeTarget;
			buildConfigurationList = F8BFE3272B1FE0E700E9A169 /* Build configuration list for PBXNativeTarget "WorkshopUITests" */;
			buildPhases = (
				F8BFE3132B1FE0E700E9A169 /* Sources */,
				F8BFE3142B1FE0E700E9A169 /* Frameworks */,
				F8BFE3152B1FE0E700E9A169 /* Resources */,
			);
			buildRules = (
			);
			dependencies = (
				F8BFE3192B1FE0E700E9A169 /* PBXTargetDependency */,
			);
			name = WorkshopUITests;
			productName = WorkshopUITests;
			productReference = F8BFE3172B1FE0E700E9A169 /* WorkshopUITests.xctest */;
			productType = "com.apple.product-type.bundle.ui-testing";
		};
/* End PBXNativeTarget section */

/* Begin PBXProject section */
		F8BFE2F52B1FE0E400E9A169 /* Project object */ = {
			isa = PBXProject;
			attributes = {
				BuildIndependentTargetsInParallel = 1;
				LastSwiftUpdateCheck = 1400;
				LastUpgradeCheck = 1400;
				TargetAttributes = {
					F8BFE2FC2B1FE0E500E9A169 = {
						CreatedOnToolsVersion = 14.0.1;
					};
					F8BFE30C2B1FE0E700E9A169 = {
						CreatedOnToolsVersion = 14.0.1;
						TestTargetID = F8BFE2FC2B1FE0E500E9A169;
					};
					F8BFE3162B1FE0E700E9A169 = {
						CreatedOnToolsVersion = 14.0.1;
						TestTargetID = F8BFE2FC2B1FE0E500E9A169;
					};
				};
			};
			buildConfigurationList = F8BFE2F82B1FE0E400E9A169 /* Build configuration list for PBXProject "Workshop" */;
			compatibilityVersion = "Xcode 14.0";
			developmentRegion = en;
			hasScannedForEncodings = 0;
			knownRegions = (
				en,
				Base,
			);
			mainGroup = F8BFE2F42B1FE0E400E9A169;
			productRefGroup = F8BFE2FE2B1FE0E500E9A169 /* Products */;
			projectDirPath = "";
			projectRoot = "";
			targets = (
				F8BFE2FC2B1FE0E500E9A169 /* Workshop */,
				F8BFE30C2B1FE0E700E9A169 /* WorkshopTests */,
				F8BFE3162B1FE0E700E9A169 /* WorkshopUITests */,
			);
		};
/* End PBXProject section */

/* Begin PBXResourcesBuildPhase section */
		F8BFE2FB2B1FE0E500E9A169 /* Resources */ = {
			isa = PBXResourcesBuildPhase;
			buildActionMask = 2147483647;
			files = (
				F8BFE3082B1FE0E700E9A169 /* Preview Assets.xcassets in Resources */,
				F8BFE3052B1FE0E700E9A169 /* Assets.xcassets in Resources */,
			);
			runOnlyForDeploymentPostprocessing = 0;
		};
		F8BFE30B2B1FE0E700E9A169 /* Resources */ = {
			isa = PBXResourcesBuildPhase;
			buildActionMask = 2147483647;
			files = (
			);
			runOnlyForDeploymentPostprocessing = 0;
		};
		F8BFE3152B1FE0E700E9A169 /* Resources */ = {
			isa = PBXResourcesBuildPhase;
			buildActionMask = 2147483647;
			files = (
			);
			runOnlyForDeploymentPostprocessing = 0;
		};
/* End PBXResourcesBuildPhase section */

/* Begin PBXSourcesBuildPhase section */
		F8BFE2F92B1FE0E500E9A169 /* Sources */ = {
			isa = PBXSourcesBuildPhase;
			buildActionMask = 2147483647;
			files = (
				F8173F412B227DFD0097CC30 /* ProfileDescription.swift in Sources */,
				F8BFE32D2B1FEB1F00E9A169 /* UIelements.swift in Sources */,
				F8BFE3032B1FE0E500E9A169 /* ContentView.swift in Sources */,
				F8D39B072B212EA300B5B95B /* Person.swift in Sources */,
				F8D39B0B2B21303800B5B95B /* SocialMedia.swift in Sources */,
				F8D39B0D2B21392800B5B95B /* PersonProfilePicture.swift in Sources */,
				F8EA438F2B23DEBA00631D9C /* ProjectsList.swift in Sources */,
				F8EA438D2B23D33000631D9C /* PhotosCarousel.swift in Sources */,
				F8173F472B2292D60097CC30 /* MySocialMedia.swift in Sources */,
				F8173F432B228A900097CC30 /* ProfileNavigation.swift in Sources */,
				F8173F452B228BE00097CC30 /* ProjectDetailView.swift in Sources */,
				F8D39B092B212FBC00B5B95B /* Project.swift in Sources */,
				F8BFE3012B1FE0E500E9A169 /* WorkshopApp.swift in Sources */,
				F8EA43912B23E9A300631D9C /* StringCleaning.swift in Sources */,
			);
			runOnlyForDeploymentPostprocessing = 0;
		};
		F8BFE3092B1FE0E700E9A169 /* Sources */ = {
			isa = PBXSourcesBuildPhase;
			buildActionMask = 2147483647;
			files = (
				F8BFE3122B1FE0E700E9A169 /* WorkshopTests.swift in Sources */,
			);
			runOnlyForDeploymentPostprocessing = 0;
		};
		F8BFE3132B1FE0E700E9A169 /* Sources */ = {
			isa = PBXSourcesBuildPhase;
			buildActionMask = 2147483647;
			files = (
				F8BFE31E2B1FE0E700E9A169 /* WorkshopUITestsLaunchTests.swift in Sources */,
				F8BFE31C2B1FE0E700E9A169 /* WorkshopUITests.swift in Sources */,
			);
			runOnlyForDeploymentPostprocessing = 0;
		};
/* End PBXSourcesBuildPhase section */

/* Begin PBXTargetDependency section */
		F8BFE30F2B1FE0E700E9A169 /* PBXTargetDependency */ = {
			isa = PBXTargetDependency;
			target = F8BFE2FC2B1FE0E500E9A169 /* Workshop */;
			targetProxy = F8BFE30E2B1FE0E700E9A169 /* PBXContainerItemProxy */;
		};
		F8BFE3192B1FE0E700E9A169 /* PBXTargetDependency */ = {
			isa = PBXTargetDependency;
			target = F8BFE2FC2B1FE0E500E9A169 /* Workshop */;
			targetProxy = F8BFE3182B1FE0E700E9A169 /* PBXContainerItemProxy */;
		};
/* End PBXTargetDependency section */

/* Begin XCBuildConfiguration section */
		F8BFE31F2B1FE0E700E9A169 /* Debug */ = {
			isa = XCBuildConfiguration;
			buildSettings = {
				ALWAYS_SEARCH_USER_PATHS = NO;
				CLANG_ANALYZER_NONNULL = YES;
				CLANG_ANALYZER_NUMBER_OBJECT_CONVERSION = YES_AGGRESSIVE;
				CLANG_CXX_LANGUAGE_STANDARD = "gnu++20";
				CLANG_ENABLE_MODULES = YES;
				CLANG_ENABLE_OBJC_ARC = YES;
				CLANG_ENABLE_OBJC_WEAK = YES;
				CLANG_WARN_BLOCK_CAPTURE_AUTORELEASING = YES;
				CLANG_WARN_BOOL_CONVERSION = YES;
				CLANG_WARN_COMMA = YES;
				CLANG_WARN_CONSTANT_CONVERSION = YES;
				CLANG_WARN_DEPRECATED_OBJC_IMPLEMENTATIONS = YES;
				CLANG_WARN_DIRECT_OBJC_ISA_USAGE = YES_ERROR;
				CLANG_WARN_DOCUMENTATION_COMMENTS = YES;
				CLANG_WARN_EMPTY_BODY = YES;
				CLANG_WARN_ENUM_CONVERSION = YES;
				CLANG_WARN_INFINITE_RECURSION = YES;
				CLANG_WARN_INT_CONVERSION = YES;
				CLANG_WARN_NON_LITERAL_NULL_CONVERSION = YES;
				CLANG_WARN_OBJC_IMPLICIT_RETAIN_SELF = YES;
				CLANG_WARN_OBJC_LITERAL_CONVERSION = YES;
				CLANG_WARN_OBJC_ROOT_CLASS = YES_ERROR;
				CLANG_WARN_QUOTED_INCLUDE_IN_FRAMEWORK_HEADER = YES;
				CLANG_WARN_RANGE_LOOP_ANALYSIS = YES;
				CLANG_WARN_STRICT_PROTOTYPES = YES;
				CLANG_WARN_SUSPICIOUS_MOVE = YES;
				CLANG_WARN_UNGUARDED_AVAILABILITY = YES_AGGRESSIVE;
				CLANG_WARN_UNREACHABLE_CODE = YES;
				CLANG_WARN__DUPLICATE_METHOD_MATCH = YES;
				COPY_PHASE_STRIP = NO;
				DEBUG_INFORMATION_FORMAT = dwarf;
				ENABLE_STRICT_OBJC_MSGSEND = YES;
				ENABLE_TESTABILITY = YES;
				GCC_C_LANGUAGE_STANDARD = gnu11;
				GCC_DYNAMIC_NO_PIC = NO;
				GCC_NO_COMMON_BLOCKS = YES;
				GCC_OPTIMIZATION_LEVEL = 0;
				GCC_PREPROCESSOR_DEFINITIONS = (
					"DEBUG=1",
					"$(inherited)",
				);
				GCC_WARN_64_TO_32_BIT_CONVERSION = YES;
				GCC_WARN_ABOUT_RETURN_TYPE = YES_ERROR;
				GCC_WARN_UNDECLARED_SELECTOR = YES;
				GCC_WARN_UNINITIALIZED_AUTOS = YES_AGGRESSIVE;
				GCC_WARN_UNUSED_FUNCTION = YES;
				GCC_WARN_UNUSED_VARIABLE = YES;
				IPHONEOS_DEPLOYMENT_TARGET = 16.0;
				MTL_ENABLE_DEBUG_INFO = INCLUDE_SOURCE;
				MTL_FAST_MATH = YES;
				ONLY_ACTIVE_ARCH = YES;
				SDKROOT = iphoneos;
				SWIFT_ACTIVE_COMPILATION_CONDITIONS = DEBUG;
				SWIFT_OPTIMIZATION_LEVEL = "-Onone";
			};
			name = Debug;
		};
		F8BFE3202B1FE0E700E9A169 /* Release */ = {
			isa = XCBuildConfiguration;
			buildSettings = {
				ALWAYS_SEARCH_USER_PATHS = NO;
				CLANG_ANALYZER_NONNULL = YES;
				CLANG_ANALYZER_NUMBER_OBJECT_CONVERSION = YES_AGGRESSIVE;
				CLANG_CXX_LANGUAGE_STANDARD = "gnu++20";
				CLANG_ENABLE_MODULES = YES;
				CLANG_ENABLE_OBJC_ARC = YES;
				CLANG_ENABLE_OBJC_WEAK = YES;
				CLANG_WARN_BLOCK_CAPTURE_AUTORELEASING = YES;
				CLANG_WARN_BOOL_CONVERSION = YES;
				CLANG_WARN_COMMA = YES;
				CLANG_WARN_CONSTANT_CONVERSION = YES;
				CLANG_WARN_DEPRECATED_OBJC_IMPLEMENTATIONS = YES;
				CLANG_WARN_DIRECT_OBJC_ISA_USAGE = YES_ERROR;
				CLANG_WARN_DOCUMENTATION_COMMENTS = YES;
				CLANG_WARN_EMPTY_BODY = YES;
				CLANG_WARN_ENUM_CONVERSION = YES;
				CLANG_WARN_INFINITE_RECURSION = YES;
				CLANG_WARN_INT_CONVERSION = YES;
				CLANG_WARN_NON_LITERAL_NULL_CONVERSION = YES;
				CLANG_WARN_OBJC_IMPLICIT_RETAIN_SELF = YES;
				CLANG_WARN_OBJC_LITERAL_CONVERSION = YES;
				CLANG_WARN_OBJC_ROOT_CLASS = YES_ERROR;
				CLANG_WARN_QUOTED_INCLUDE_IN_FRAMEWORK_HEADER = YES;
				CLANG_WARN_RANGE_LOOP_ANALYSIS = YES;
				CLANG_WARN_STRICT_PROTOTYPES = YES;
				CLANG_WARN_SUSPICIOUS_MOVE = YES;
				CLANG_WARN_UNGUARDED_AVAILABILITY = YES_AGGRESSIVE;
				CLANG_WARN_UNREACHABLE_CODE = YES;
				CLANG_WARN__DUPLICATE_METHOD_MATCH = YES;
				COPY_PHASE_STRIP = NO;
				DEBUG_INFORMATION_FORMAT = "dwarf-with-dsym";
				ENABLE_NS_ASSERTIONS = NO;
				ENABLE_STRICT_OBJC_MSGSEND = YES;
				GCC_C_LANGUAGE_STANDARD = gnu11;
				GCC_NO_COMMON_BLOCKS = YES;
				GCC_WARN_64_TO_32_BIT_CONVERSION = YES;
				GCC_WARN_ABOUT_RETURN_TYPE = YES_ERROR;
				GCC_WARN_UNDECLARED_SELECTOR = YES;
				GCC_WARN_UNINITIALIZED_AUTOS = YES_AGGRESSIVE;
				GCC_WARN_UNUSED_FUNCTION = YES;
				GCC_WARN_UNUSED_VARIABLE = YES;
				IPHONEOS_DEPLOYMENT_TARGET = 16.0;
				MTL_ENABLE_DEBUG_INFO = NO;
				MTL_FAST_MATH = YES;
				SDKROOT = iphoneos;
				SWIFT_COMPILATION_MODE = wholemodule;
				SWIFT_OPTIMIZATION_LEVEL = "-O";
				VALIDATE_PRODUCT = YES;
			};
			name = Release;
		};
		F8BFE3222B1FE0E700E9A169 /* Debug */ = {
			isa = XCBuildConfiguration;
			buildSettings = {
				ASSETCATALOG_COMPILER_APPICON_NAME = AppIcon;
				ASSETCATALOG_COMPILER_GLOBAL_ACCENT_COLOR_NAME = AccentColor;
				CODE_SIGN_STYLE = Automatic;
				CURRENT_PROJECT_VERSION = 1;
				DEVELOPMENT_ASSET_PATHS = "\"Workshop/Preview Content\"";
				ENABLE_PREVIEWS = YES;
				GENERATE_INFOPLIST_FILE = YES;
				INFOPLIST_KEY_CFBundleDisplayName = Workshop;
				INFOPLIST_KEY_UIApplicationSceneManifest_Generation = YES;
				INFOPLIST_KEY_UIApplicationSupportsIndirectInputEvents = YES;
				INFOPLIST_KEY_UILaunchScreen_Generation = YES;
				INFOPLIST_KEY_UISupportedInterfaceOrientations_iPad = "UIInterfaceOrientationPortrait UIInterfaceOrientationPortraitUpsideDown UIInterfaceOrientationLandscapeLeft UIInterfaceOrientationLandscapeRight";
				INFOPLIST_KEY_UISupportedInterfaceOrientations_iPhone = "UIInterfaceOrientationPortrait UIInterfaceOrientationLandscapeLeft UIInterfaceOrientationLandscapeRight";
				LD_RUNPATH_SEARCH_PATHS = (
					"$(inherited)",
					"@executable_path/Frameworks",
				);
				MARKETING_VERSION = 1.0;
				PRODUCT_BUNDLE_IDENTIFIER = com.bernardosantiago.Workshop;
				PRODUCT_NAME = "$(TARGET_NAME)";
				SWIFT_EMIT_LOC_STRINGS = YES;
				SWIFT_VERSION = 5.0;
				TARGETED_DEVICE_FAMILY = "1,2";
			};
			name = Debug;
		};
		F8BFE3232B1FE0E700E9A169 /* Release */ = {
			isa = XCBuildConfiguration;
			buildSettings = {
				ASSETCATALOG_COMPILER_APPICON_NAME = AppIcon;
				ASSETCATALOG_COMPILER_GLOBAL_ACCENT_COLOR_NAME = AccentColor;
				CODE_SIGN_STYLE = Automatic;
				CURRENT_PROJECT_VERSION = 1;
				DEVELOPMENT_ASSET_PATHS = "\"Workshop/Preview Content\"";
				ENABLE_PREVIEWS = YES;
				GENERATE_INFOPLIST_FILE = YES;
				INFOPLIST_KEY_CFBundleDisplayName = Workshop;
				INFOPLIST_KEY_UIApplicationSceneManifest_Generation = YES;
				INFOPLIST_KEY_UIApplicationSupportsIndirectInputEvents = YES;
				INFOPLIST_KEY_UILaunchScreen_Generation = YES;
				INFOPLIST_KEY_UISupportedInterfaceOrientations_iPad = "UIInterfaceOrientationPortrait UIInterfaceOrientationPortraitUpsideDown UIInterfaceOrientationLandscapeLeft UIInterfaceOrientationLandscapeRight";
				INFOPLIST_KEY_UISupportedInterfaceOrientations_iPhone = "UIInterfaceOrientationPortrait UIInterfaceOrientationLandscapeLeft UIInterfaceOrientationLandscapeRight";
				LD_RUNPATH_SEARCH_PATHS = (
					"$(inherited)",
					"@executable_path/Frameworks",
				);
				MARKETING_VERSION = 1.0;
				PRODUCT_BUNDLE_IDENTIFIER = com.bernardosantiago.Workshop;
				PRODUCT_NAME = "$(TARGET_NAME)";
				SWIFT_EMIT_LOC_STRINGS = YES;
				SWIFT_VERSION = 5.0;
				TARGETED_DEVICE_FAMILY = "1,2";
			};
			name = Release;
		};
		F8BFE3252B1FE0E700E9A169 /* Debug */ = {
			isa = XCBuildConfiguration;
			buildSettings = {
				ALWAYS_EMBED_SWIFT_STANDARD_LIBRARIES = YES;
				BUNDLE_LOADER = "$(TEST_HOST)";
				CODE_SIGN_STYLE = Automatic;
				CURRENT_PROJECT_VERSION = 1;
				GENERATE_INFOPLIST_FILE = YES;
				IPHONEOS_DEPLOYMENT_TARGET = 16.0;
				MARKETING_VERSION = 1.0;
				PRODUCT_BUNDLE_IDENTIFIER = com.bernardosantiago.WorkshopTests;
				PRODUCT_NAME = "$(TARGET_NAME)";
				SWIFT_EMIT_LOC_STRINGS = NO;
				SWIFT_VERSION = 5.0;
				TARGETED_DEVICE_FAMILY = "1,2";
				TEST_HOST = "$(BUILT_PRODUCTS_DIR)/Workshop.app/$(BUNDLE_EXECUTABLE_FOLDER_PATH)/Workshop";
			};
			name = Debug;
		};
		F8BFE3262B1FE0E700E9A169 /* Release */ = {
			isa = XCBuildConfiguration;
			buildSettings = {
				ALWAYS_EMBED_SWIFT_STANDARD_LIBRARIES = YES;
				BUNDLE_LOADER = "$(TEST_HOST)";
				CODE_SIGN_STYLE = Automatic;
				CURRENT_PROJECT_VERSION = 1;
				GENERATE_INFOPLIST_FILE = YES;
				IPHONEOS_DEPLOYMENT_TARGET = 16.0;
				MARKETING_VERSION = 1.0;
				PRODUCT_BUNDLE_IDENTIFIER = com.bernardosantiago.WorkshopTests;
				PRODUCT_NAME = "$(TARGET_NAME)";
				SWIFT_EMIT_LOC_STRINGS = NO;
				SWIFT_VERSION = 5.0;
				TARGETED_DEVICE_FAMILY = "1,2";
				TEST_HOST = "$(BUILT_PRODUCTS_DIR)/Workshop.app/$(BUNDLE_EXECUTABLE_FOLDER_PATH)/Workshop";
			};
			name = Release;
		};
		F8BFE3282B1FE0E700E9A169 /* Debug */ = {
			isa = XCBuildConfiguration;
			buildSettings = {
				ALWAYS_EMBED_SWIFT_STANDARD_LIBRARIES = YES;
				CODE_SIGN_STYLE = Automatic;
				CURRENT_PROJECT_VERSION = 1;
				GENERATE_INFOPLIST_FILE = YES;
				MARKETING_VERSION = 1.0;
				PRODUCT_BUNDLE_IDENTIFIER = com.bernardosantiago.WorkshopUITests;
				PRODUCT_NAME = "$(TARGET_NAME)";
				SWIFT_EMIT_LOC_STRINGS = NO;
				SWIFT_VERSION = 5.0;
				TARGETED_DEVICE_FAMILY = "1,2";
				TEST_TARGET_NAME = Workshop;
			};
			name = Debug;
		};
		F8BFE3292B1FE0E700E9A169 /* Release */ = {
			isa = XCBuildConfiguration;
			buildSettings = {
				ALWAYS_EMBED_SWIFT_STANDARD_LIBRARIES = YES;
				CODE_SIGN_STYLE = Automatic;
				CURRENT_PROJECT_VERSION = 1;
				GENERATE_INFOPLIST_FILE = YES;
				MARKETING_VERSION = 1.0;
				PRODUCT_BUNDLE_IDENTIFIER = com.bernardosantiago.WorkshopUITests;
				PRODUCT_NAME = "$(TARGET_NAME)";
				SWIFT_EMIT_LOC_STRINGS = NO;
				SWIFT_VERSION = 5.0;
				TARGETED_DEVICE_FAMILY = "1,2";
				TEST_TARGET_NAME = Workshop;
			};
			name = Release;
		};
/* End XCBuildConfiguration section */

/* Begin XCConfigurationList section */
		F8BFE2F82B1FE0E400E9A169 /* Build configuration list for PBXProject "Workshop" */ = {
			isa = XCConfigurationList;
			buildConfigurations = (
				F8BFE31F2B1FE0E700E9A169 /* Debug */,
				F8BFE3202B1FE0E700E9A169 /* Release */,
			);
			defaultConfigurationIsVisible = 0;
			defaultConfigurationName = Release;
		};
		F8BFE3212B1FE0E700E9A169 /* Build configuration list for PBXNativeTarget "Workshop" */ = {
			isa = XCConfigurationList;
			buildConfigurations = (
				F8BFE3222B1FE0E700E9A169 /* Debug */,
				F8BFE3232B1FE0E700E9A169 /* Release */,
			);
			defaultConfigurationIsVisible = 0;
			defaultConfigurationName = Release;
		};
		F8BFE3242B1FE0E700E9A169 /* Build configuration list for PBXNativeTarget "WorkshopTests" */ = {
			isa = XCConfigurationList;
			buildConfigurations = (
				F8BFE3252B1FE0E700E9A169 /* Debug */,
				F8BFE3262B1FE0E700E9A169 /* Release */,
			);
			defaultConfigurationIsVisible = 0;
			defaultConfigurationName = Release;
		};
		F8BFE3272B1FE0E700E9A169 /* Build configuration list for PBXNativeTarget "WorkshopUITests" */ = {
			isa = XCConfigurationList;
			buildConfigurations = (
				F8BFE3282B1FE0E700E9A169 /* Debug */,
				F8BFE3292B1FE0E700E9A169 /* Release */,
			);
			defaultConfigurationIsVisible = 0;
			defaultConfigurationName = Release;
		};
/* End XCConfigurationList section */
	};
	rootObject = F8BFE2F52B1FE0E400E9A169 /* Project object */;
}
